// !$*UTF8*$!
{
	archiveVersion = 1;
	classes = {
	};
	objectVersion = 56;
	objects = {

/* Begin PBXBuildFile section */
		A8C522BE2BD8E26600BF77D2 /* AppDelegate.swift in Sources */ = {isa = PBXBuildFile; fileRef = A8C522BD2BD8E26600BF77D2 /* AppDelegate.swift */; };
		A8C522C02BD8E26600BF77D2 /* SceneDelegate.swift in Sources */ = {isa = PBXBuildFile; fileRef = A8C522BF2BD8E26600BF77D2 /* SceneDelegate.swift */; };
		A8C522C22BD8E26600BF77D2 /* ViewController.swift in Sources */ = {isa = PBXBuildFile; fileRef = A8C522C12BD8E26600BF77D2 /* ViewController.swift */; };
		A8C522C52BD8E26600BF77D2 /* Base in Resources */ = {isa = PBXBuildFile; fileRef = A8C522C42BD8E26600BF77D2 /* Base */; };
		A8C522C72BD8E26800BF77D2 /* Assets.xcassets in Resources */ = {isa = PBXBuildFile; fileRef = A8C522C62BD8E26800BF77D2 /* Assets.xcassets */; };
		A8C522CA2BD8E26800BF77D2 /* Base in Resources */ = {isa = PBXBuildFile; fileRef = A8C522C92BD8E26800BF77D2 /* Base */; };
		A8C522D32BD9377900BF77D2 /* DataLoaderService.swift in Sources */ = {isa = PBXBuildFile; fileRef = A8C522D22BD9377900BF77D2 /* DataLoaderService.swift */; };
		A8C522D62BD9383800BF77D2 /* Constants.swift in Sources */ = {isa = PBXBuildFile; fileRef = A8C522D52BD9383800BF77D2 /* Constants.swift */; };
		A8C522D82BD93A0800BF77D2 /* TotalListResponse.swift in Sources */ = {isa = PBXBuildFile; fileRef = A8C522D72BD93A0800BF77D2 /* TotalListResponse.swift */; };
		A8C522DC2BD93C2200BF77D2 /* ListModel.swift in Sources */ = {isa = PBXBuildFile; fileRef = A8C522DB2BD93C2200BF77D2 /* ListModel.swift */; };
		A8C522DE2BD944B600BF77D2 /* ListView.swift in Sources */ = {isa = PBXBuildFile; fileRef = A8C522DD2BD944B600BF77D2 /* ListView.swift */; };
		A8C522E02BD944CD00BF77D2 /* ListViewController.swift in Sources */ = {isa = PBXBuildFile; fileRef = A8C522DF2BD944CD00BF77D2 /* ListViewController.swift */; };
		A8C522E22BD9559F00BF77D2 /* ListViewController+TableView.swift in Sources */ = {isa = PBXBuildFile; fileRef = A8C522E12BD9559F00BF77D2 /* ListViewController+TableView.swift */; };
		A8C522E42BD9827200BF77D2 /* UIColor+ext.swift in Sources */ = {isa = PBXBuildFile; fileRef = A8C522E32BD9827200BF77D2 /* UIColor+ext.swift */; };
		A8C522E82BD9850400BF77D2 /* ListDetailesView.swift in Sources */ = {isa = PBXBuildFile; fileRef = A8C522E72BD9850400BF77D2 /* ListDetailesView.swift */; };
		A8C522EA2BD9851100BF77D2 /* ListDetailesViewController.swift in Sources */ = {isa = PBXBuildFile; fileRef = A8C522E92BD9851100BF77D2 /* ListDetailesViewController.swift */; };
/* End PBXBuildFile section */

/* Begin PBXFileReference section */
		A8C522BA2BD8E26600BF77D2 /* HomeWork19.app */ = {isa = PBXFileReference; explicitFileType = wrapper.application; includeInIndex = 0; path = HomeWork19.app; sourceTree = BUILT_PRODUCTS_DIR; };
		A8C522BD2BD8E26600BF77D2 /* AppDelegate.swift */ = {isa = PBXFileReference; lastKnownFileType = sourcecode.swift; path = AppDelegate.swift; sourceTree = "<group>"; };
		A8C522BF2BD8E26600BF77D2 /* SceneDelegate.swift */ = {isa = PBXFileReference; lastKnownFileType = sourcecode.swift; path = SceneDelegate.swift; sourceTree = "<group>"; };
		A8C522C12BD8E26600BF77D2 /* ViewController.swift */ = {isa = PBXFileReference; lastKnownFileType = sourcecode.swift; path = ViewController.swift; sourceTree = "<group>"; };
		A8C522C42BD8E26600BF77D2 /* Base */ = {isa = PBXFileReference; lastKnownFileType = file.storyboard; name = Base; path = Base.lproj/Main.storyboard; sourceTree = "<group>"; };
		A8C522C62BD8E26800BF77D2 /* Assets.xcassets */ = {isa = PBXFileReference; lastKnownFileType = folder.assetcatalog; path = Assets.xcassets; sourceTree = "<group>"; };
		A8C522C92BD8E26800BF77D2 /* Base */ = {isa = PBXFileReference; lastKnownFileType = file.storyboard; name = Base; path = Base.lproj/LaunchScreen.storyboard; sourceTree = "<group>"; };
		A8C522CB2BD8E26800BF77D2 /* Info.plist */ = {isa = PBXFileReference; lastKnownFileType = text.plist.xml; path = Info.plist; sourceTree = "<group>"; };
		A8C522D22BD9377900BF77D2 /* DataLoaderService.swift */ = {isa = PBXFileReference; lastKnownFileType = sourcecode.swift; path = DataLoaderService.swift; sourceTree = "<group>"; };
		A8C522D52BD9383800BF77D2 /* Constants.swift */ = {isa = PBXFileReference; lastKnownFileType = sourcecode.swift; path = Constants.swift; sourceTree = "<group>"; };
		A8C522D72BD93A0800BF77D2 /* TotalListResponse.swift */ = {isa = PBXFileReference; lastKnownFileType = sourcecode.swift; path = TotalListResponse.swift; sourceTree = "<group>"; };
		A8C522DB2BD93C2200BF77D2 /* ListModel.swift */ = {isa = PBXFileReference; lastKnownFileType = sourcecode.swift; path = ListModel.swift; sourceTree = "<group>"; };
		A8C522DD2BD944B600BF77D2 /* ListView.swift */ = {isa = PBXFileReference; lastKnownFileType = sourcecode.swift; path = ListView.swift; sourceTree = "<group>"; };
		A8C522DF2BD944CD00BF77D2 /* ListViewController.swift */ = {isa = PBXFileReference; lastKnownFileType = sourcecode.swift; path = ListViewController.swift; sourceTree = "<group>"; };
		A8C522E12BD9559F00BF77D2 /* ListViewController+TableView.swift */ = {isa = PBXFileReference; lastKnownFileType = sourcecode.swift; path = "ListViewController+TableView.swift"; sourceTree = "<group>"; };
		A8C522E32BD9827200BF77D2 /* UIColor+ext.swift */ = {isa = PBXFileReference; lastKnownFileType = sourcecode.swift; path = "UIColor+ext.swift"; sourceTree = "<group>"; };
		A8C522E72BD9850400BF77D2 /* ListDetailesView.swift */ = {isa = PBXFileReference; lastKnownFileType = sourcecode.swift; path = ListDetailesView.swift; sourceTree = "<group>"; };
		A8C522E92BD9851100BF77D2 /* ListDetailesViewController.swift */ = {isa = PBXFileReference; lastKnownFileType = sourcecode.swift; path = ListDetailesViewController.swift; sourceTree = "<group>"; };
/* End PBXFileReference section */

/* Begin PBXFrameworksBuildPhase section */
		A8C522B72BD8E26600BF77D2 /* Frameworks */ = {
			isa = PBXFrameworksBuildPhase;
			buildActionMask = 2147483647;
			files = (
			);
			runOnlyForDeploymentPostprocessing = 0;
		};
/* End PBXFrameworksBuildPhase section */

/* Begin PBXGroup section */
		A8C522B12BD8E26600BF77D2 = {
			isa = PBXGroup;
			children = (
				A8C522BC2BD8E26600BF77D2 /* HomeWork19 */,
				A8C522BB2BD8E26600BF77D2 /* Products */,
			);
			sourceTree = "<group>";
		};
		A8C522BB2BD8E26600BF77D2 /* Products */ = {
			isa = PBXGroup;
			children = (
				A8C522BA2BD8E26600BF77D2 /* HomeWork19.app */,
			);
			name = Products;
			sourceTree = "<group>";
		};
		A8C522BC2BD8E26600BF77D2 /* HomeWork19 */ = {
			isa = PBXGroup;
			children = (
				A8C522D42BD9380400BF77D2 /* Common */,
				A8C522D12BD9376000BF77D2 /* Services */,
				A8C522D92BD93BF200BF77D2 /* Screens */,
				A8C522BD2BD8E26600BF77D2 /* AppDelegate.swift */,
				A8C522BF2BD8E26600BF77D2 /* SceneDelegate.swift */,
				A8C522C12BD8E26600BF77D2 /* ViewController.swift */,
				A8C522C32BD8E26600BF77D2 /* Main.storyboard */,
				A8C522C62BD8E26800BF77D2 /* Assets.xcassets */,
				A8C522C82BD8E26800BF77D2 /* LaunchScreen.storyboard */,
				A8C522CB2BD8E26800BF77D2 /* Info.plist */,
			);
			path = HomeWork19;
			sourceTree = "<group>";
		};
		A8C522D12BD9376000BF77D2 /* Services */ = {
			isa = PBXGroup;
			children = (
				A8C522D22BD9377900BF77D2 /* DataLoaderService.swift */,
			);
			path = Services;
			sourceTree = "<group>";
		};
		A8C522D42BD9380400BF77D2 /* Common */ = {
			isa = PBXGroup;
			children = (
				A8C522D52BD9383800BF77D2 /* Constants.swift */,
				A8C522D72BD93A0800BF77D2 /* TotalListResponse.swift */,
				A8C522E32BD9827200BF77D2 /* UIColor+ext.swift */,
			);
			path = Common;
			sourceTree = "<group>";
		};
		A8C522D92BD93BF200BF77D2 /* Screens */ = {
			isa = PBXGroup;
			children = (
				A8C522DA2BD93C0500BF77D2 /* List */,
			);
			path = Screens;
			sourceTree = "<group>";
		};
		A8C522DA2BD93C0500BF77D2 /* List */ = {
			isa = PBXGroup;
			children = (
				A8C522E52BD984AE00BF77D2 /* Cells */,
				A8C522E62BD984B600BF77D2 /* Detailes */,
				A8C522DB2BD93C2200BF77D2 /* ListModel.swift */,
				A8C522DD2BD944B600BF77D2 /* ListView.swift */,
				A8C522DF2BD944CD00BF77D2 /* ListViewController.swift */,
				A8C522E12BD9559F00BF77D2 /* ListViewController+TableView.swift */,
			);
			path = List;
			sourceTree = "<group>";
		};
		A8C522E52BD984AE00BF77D2 /* Cells */ = {
			isa = PBXGroup;
			children = (
			);
			path = Cells;
			sourceTree = "<group>";
		};
		A8C522E62BD984B600BF77D2 /* Detailes */ = {
			isa = PBXGroup;
			children = (
				A8C522E72BD9850400BF77D2 /* ListDetailesView.swift */,
				A8C522E92BD9851100BF77D2 /* ListDetailesViewController.swift */,
			);
			path = Detailes;
			sourceTree = "<group>";
		};
/* End PBXGroup section */

/* Begin PBXNativeTarget section */
		A8C522B92BD8E26600BF77D2 /* HomeWork19 */ = {
			isa = PBXNativeTarget;
			buildConfigurationList = A8C522CE2BD8E26800BF77D2 /* Build configuration list for PBXNativeTarget "HomeWork19" */;
			buildPhases = (
				A8C522B62BD8E26600BF77D2 /* Sources */,
				A8C522B72BD8E26600BF77D2 /* Frameworks */,
				A8C522B82BD8E26600BF77D2 /* Resources */,
			);
			buildRules = (
			);
			dependencies = (
			);
			name = HomeWork19;
			productName = HomeWork19;
			productReference = A8C522BA2BD8E26600BF77D2 /* HomeWork19.app */;
			productType = "com.apple.product-type.application";
		};
/* End PBXNativeTarget section */

/* Begin PBXProject section */
		A8C522B22BD8E26600BF77D2 /* Project object */ = {
			isa = PBXProject;
			attributes = {
				BuildIndependentTargetsInParallel = 1;
				LastSwiftUpdateCheck = 1530;
				LastUpgradeCheck = 1530;
				TargetAttributes = {
					A8C522B92BD8E26600BF77D2 = {
						CreatedOnToolsVersion = 15.3;
					};
				};
			};
			buildConfigurationList = A8C522B52BD8E26600BF77D2 /* Build configuration list for PBXProject "HomeWork19" */;
			compatibilityVersion = "Xcode 14.0";
			developmentRegion = en;
			hasScannedForEncodings = 0;
			knownRegions = (
				en,
				Base,
			);
			mainGroup = A8C522B12BD8E26600BF77D2;
			productRefGroup = A8C522BB2BD8E26600BF77D2 /* Products */;
			projectDirPath = "";
			projectRoot = "";
			targets = (
				A8C522B92BD8E26600BF77D2 /* HomeWork19 */,
			);
		};
/* End PBXProject section */

/* Begin PBXResourcesBuildPhase section */
		A8C522B82BD8E26600BF77D2 /* Resources */ = {
			isa = PBXResourcesBuildPhase;
			buildActionMask = 2147483647;
			files = (
				A8C522C72BD8E26800BF77D2 /* Assets.xcassets in Resources */,
				A8C522CA2BD8E26800BF77D2 /* Base in Resources */,
				A8C522C52BD8E26600BF77D2 /* Base in Resources */,
			);
			runOnlyForDeploymentPostprocessing = 0;
		};
/* End PBXResourcesBuildPhase section */

/* Begin PBXSourcesBuildPhase section */
		A8C522B62BD8E26600BF77D2 /* Sources */ = {
			isa = PBXSourcesBuildPhase;
			buildActionMask = 2147483647;
			files = (
				A8C522DE2BD944B600BF77D2 /* ListView.swift in Sources */,
				A8C522E42BD9827200BF77D2 /* UIColor+ext.swift in Sources */,
				A8C522D62BD9383800BF77D2 /* Constants.swift in Sources */,
				A8C522D32BD9377900BF77D2 /* DataLoaderService.swift in Sources */,
				A8C522D82BD93A0800BF77D2 /* TotalListResponse.swift in Sources */,
				A8C522C22BD8E26600BF77D2 /* ViewController.swift in Sources */,
				A8C522E02BD944CD00BF77D2 /* ListViewController.swift in Sources */,
				A8C522E82BD9850400BF77D2 /* ListDetailesView.swift in Sources */,
				A8C522EA2BD9851100BF77D2 /* ListDetailesViewController.swift in Sources */,
				A8C522DC2BD93C2200BF77D2 /* ListModel.swift in Sources */,
				A8C522BE2BD8E26600BF77D2 /* AppDelegate.swift in Sources */,
				A8C522E22BD9559F00BF77D2 /* ListViewController+TableView.swift in Sources */,
				A8C522C02BD8E26600BF77D2 /* SceneDelegate.swift in Sources */,
			);
			runOnlyForDeploymentPostprocessing = 0;
		};
/* End PBXSourcesBuildPhase section */

/* Begin PBXVariantGroup section */
		A8C522C32BD8E26600BF77D2 /* Main.storyboard */ = {
			isa = PBXVariantGroup;
			children = (
				A8C522C42BD8E26600BF77D2 /* Base */,
			);
			name = Main.storyboard;
			sourceTree = "<group>";
		};
		A8C522C82BD8E26800BF77D2 /* LaunchScreen.storyboard */ = {
			isa = PBXVariantGroup;
			children = (
				A8C522C92BD8E26800BF77D2 /* Base */,
			);
			name = LaunchScreen.storyboard;
			sourceTree = "<group>";
		};
/* End PBXVariantGroup section */

/* Begin XCBuildConfiguration section */
		A8C522CC2BD8E26800BF77D2 /* Debug */ = {
			isa = XCBuildConfiguration;
			buildSettings = {
				ALWAYS_SEARCH_USER_PATHS = NO;
				ASSETCATALOG_COMPILER_GENERATE_SWIFT_ASSET_SYMBOL_EXTENSIONS = YES;
				CLANG_ANALYZER_NONNULL = YES;
				CLANG_ANALYZER_NUMBER_OBJECT_CONVERSION = YES_AGGRESSIVE;
				CLANG_CXX_LANGUAGE_STANDARD = "gnu++20";
				CLANG_ENABLE_MODULES = YES;
				CLANG_ENABLE_OBJC_ARC = YES;
				CLANG_ENABLE_OBJC_WEAK = YES;
				CLANG_WARN_BLOCK_CAPTURE_AUTORELEASING = YES;
				CLANG_WARN_BOOL_CONVERSION = YES;
				CLANG_WARN_COMMA = YES;
				CLANG_WARN_CONSTANT_CONVERSION = YES;
				CLANG_WARN_DEPRECATED_OBJC_IMPLEMENTATIONS = YES;
				CLANG_WARN_DIRECT_OBJC_ISA_USAGE = YES_ERROR;
				CLANG_WARN_DOCUMENTATION_COMMENTS = YES;
				CLANG_WARN_EMPTY_BODY = YES;
				CLANG_WARN_ENUM_CONVERSION = YES;
				CLANG_WARN_INFINITE_RECURSION = YES;
				CLANG_WARN_INT_CONVERSION = YES;
				CLANG_WARN_NON_LITERAL_NULL_CONVERSION = YES;
				CLANG_WARN_OBJC_IMPLICIT_RETAIN_SELF = YES;
				CLANG_WARN_OBJC_LITERAL_CONVERSION = YES;
				CLANG_WARN_OBJC_ROOT_CLASS = YES_ERROR;
				CLANG_WARN_QUOTED_INCLUDE_IN_FRAMEWORK_HEADER = YES;
				CLANG_WARN_RANGE_LOOP_ANALYSIS = YES;
				CLANG_WARN_STRICT_PROTOTYPES = YES;
				CLANG_WARN_SUSPICIOUS_MOVE = YES;
				CLANG_WARN_UNGUARDED_AVAILABILITY = YES_AGGRESSIVE;
				CLANG_WARN_UNREACHABLE_CODE = YES;
				CLANG_WARN__DUPLICATE_METHOD_MATCH = YES;
				COPY_PHASE_STRIP = NO;
				DEBUG_INFORMATION_FORMAT = dwarf;
				ENABLE_STRICT_OBJC_MSGSEND = YES;
				ENABLE_TESTABILITY = YES;
				ENABLE_USER_SCRIPT_SANDBOXING = YES;
				GCC_C_LANGUAGE_STANDARD = gnu17;
				GCC_DYNAMIC_NO_PIC = NO;
				GCC_NO_COMMON_BLOCKS = YES;
				GCC_OPTIMIZATION_LEVEL = 0;
				GCC_PREPROCESSOR_DEFINITIONS = (
					"DEBUG=1",
					"$(inherited)",
				);
				GCC_WARN_64_TO_32_BIT_CONVERSION = YES;
				GCC_WARN_ABOUT_RETURN_TYPE = YES_ERROR;
				GCC_WARN_UNDECLARED_SELECTOR = YES;
				GCC_WARN_UNINITIALIZED_AUTOS = YES_AGGRESSIVE;
				GCC_WARN_UNUSED_FUNCTION = YES;
				GCC_WARN_UNUSED_VARIABLE = YES;
				IPHONEOS_DEPLOYMENT_TARGET = 17.4;
				LOCALIZATION_PREFERS_STRING_CATALOGS = YES;
				MTL_ENABLE_DEBUG_INFO = INCLUDE_SOURCE;
				MTL_FAST_MATH = YES;
				ONLY_ACTIVE_ARCH = YES;
				SDKROOT = iphoneos;
				SWIFT_ACTIVE_COMPILATION_CONDITIONS = "DEBUG $(inherited)";
				SWIFT_OPTIMIZATION_LEVEL = "-Onone";
			};
			name = Debug;
		};
		A8C522CD2BD8E26800BF77D2 /* Release */ = {
			isa = XCBuildConfiguration;
			buildSettings = {
				ALWAYS_SEARCH_USER_PATHS = NO;
				ASSETCATALOG_COMPILER_GENERATE_SWIFT_ASSET_SYMBOL_EXTENSIONS = YES;
				CLANG_ANALYZER_NONNULL = YES;
				CLANG_ANALYZER_NUMBER_OBJECT_CONVERSION = YES_AGGRESSIVE;
				CLANG_CXX_LANGUAGE_STANDARD = "gnu++20";
				CLANG_ENABLE_MODULES = YES;
				CLANG_ENABLE_OBJC_ARC = YES;
				CLANG_ENABLE_OBJC_WEAK = YES;
				CLANG_WARN_BLOCK_CAPTURE_AUTORELEASING = YES;
				CLANG_WARN_BOOL_CONVERSION = YES;
				CLANG_WARN_COMMA = YES;
				CLANG_WARN_CONSTANT_CONVERSION = YES;
				CLANG_WARN_DEPRECATED_OBJC_IMPLEMENTATIONS = YES;
				CLANG_WARN_DIRECT_OBJC_ISA_USAGE = YES_ERROR;
				CLANG_WARN_DOCUMENTATION_COMMENTS = YES;
				CLANG_WARN_EMPTY_BODY = YES;
				CLANG_WARN_ENUM_CONVERSION = YES;
				CLANG_WARN_INFINITE_RECURSION = YES;
				CLANG_WARN_INT_CONVERSION = YES;
				CLANG_WARN_NON_LITERAL_NULL_CONVERSION = YES;
				CLANG_WARN_OBJC_IMPLICIT_RETAIN_SELF = YES;
				CLANG_WARN_OBJC_LITERAL_CONVERSION = YES;
				CLANG_WARN_OBJC_ROOT_CLASS = YES_ERROR;
				CLANG_WARN_QUOTED_INCLUDE_IN_FRAMEWORK_HEADER = YES;
				CLANG_WARN_RANGE_LOOP_ANALYSIS = YES;
				CLANG_WARN_STRICT_PROTOTYPES = YES;
				CLANG_WARN_SUSPICIOUS_MOVE = YES;
				CLANG_WARN_UNGUARDED_AVAILABILITY = YES_AGGRESSIVE;
				CLANG_WARN_UNREACHABLE_CODE = YES;
				CLANG_WARN__DUPLICATE_METHOD_MATCH = YES;
				COPY_PHASE_STRIP = NO;
				DEBUG_INFORMATION_FORMAT = "dwarf-with-dsym";
				ENABLE_NS_ASSERTIONS = NO;
				ENABLE_STRICT_OBJC_MSGSEND = YES;
				ENABLE_USER_SCRIPT_SANDBOXING = YES;
				GCC_C_LANGUAGE_STANDARD = gnu17;
				GCC_NO_COMMON_BLOCKS = YES;
				GCC_WARN_64_TO_32_BIT_CONVERSION = YES;
				GCC_WARN_ABOUT_RETURN_TYPE = YES_ERROR;
				GCC_WARN_UNDECLARED_SELECTOR = YES;
				GCC_WARN_UNINITIALIZED_AUTOS = YES_AGGRESSIVE;
				GCC_WARN_UNUSED_FUNCTION = YES;
				GCC_WARN_UNUSED_VARIABLE = YES;
				IPHONEOS_DEPLOYMENT_TARGET = 17.4;
				LOCALIZATION_PREFERS_STRING_CATALOGS = YES;
				MTL_ENABLE_DEBUG_INFO = NO;
				MTL_FAST_MATH = YES;
				SDKROOT = iphoneos;
				SWIFT_COMPILATION_MODE = wholemodule;
				VALIDATE_PRODUCT = YES;
			};
			name = Release;
		};
		A8C522CF2BD8E26800BF77D2 /* Debug */ = {
			isa = XCBuildConfiguration;
			buildSettings = {
				ASSETCATALOG_COMPILER_APPICON_NAME = AppIcon;
				ASSETCATALOG_COMPILER_GLOBAL_ACCENT_COLOR_NAME = AccentColor;
				CODE_SIGN_STYLE = Automatic;
				CURRENT_PROJECT_VERSION = 1;
				DEVELOPMENT_TEAM = 595Y7XNND7;
				GENERATE_INFOPLIST_FILE = YES;
				INFOPLIST_FILE = HomeWork19/Info.plist;
				INFOPLIST_KEY_UIApplicationSupportsIndirectInputEvents = YES;
				INFOPLIST_KEY_UILaunchStoryboardName = LaunchScreen;
				INFOPLIST_KEY_UIMainStoryboardFile = Main;
				INFOPLIST_KEY_UISupportedInterfaceOrientations_iPad = "UIInterfaceOrientationPortrait UIInterfaceOrientationPortraitUpsideDown UIInterfaceOrientationLandscapeLeft UIInterfaceOrientationLandscapeRight";
				INFOPLIST_KEY_UISupportedInterfaceOrientations_iPhone = "UIInterfaceOrientationPortrait UIInterfaceOrientationLandscapeLeft UIInterfaceOrientationLandscapeRight";
				LD_RUNPATH_SEARCH_PATHS = (
					"$(inherited)",
					"@executable_path/Frameworks",
				);
				MARKETING_VERSION = 1.0;
				PRODUCT_BUNDLE_IDENTIFIER = AM.HomeWork19;
				PRODUCT_NAME = "$(TARGET_NAME)";
				SWIFT_EMIT_LOC_STRINGS = YES;
				SWIFT_VERSION = 5.0;
				TARGETED_DEVICE_FAMILY = "1,2";
			};
			name = Debug;
		};
		A8C522D02BD8E26800BF77D2 /* Release */ = {
			isa = XCBuildConfiguration;
			buildSettings = {
				ASSETCATALOG_COMPILER_APPICON_NAME = AppIcon;
				ASSETCATALOG_COMPILER_GLOBAL_ACCENT_COLOR_NAME = AccentColor;
				CODE_SIGN_STYLE = Automatic;
				CURRENT_PROJECT_VERSION = 1;
				DEVELOPMENT_TEAM = 595Y7XNND7;
				GENERATE_INFOPLIST_FILE = YES;
				INFOPLIST_FILE = HomeWork19/Info.plist;
				INFOPLIST_KEY_UIApplicationSupportsIndirectInputEvents = YES;
				INFOPLIST_KEY_UILaunchStoryboardName = LaunchScreen;
				INFOPLIST_KEY_UIMainStoryboardFile = Main;
				INFOPLIST_KEY_UISupportedInterfaceOrientations_iPad = "UIInterfaceOrientationPortrait UIInterfaceOrientationPortraitUpsideDown UIInterfaceOrientationLandscapeLeft UIInterfaceOrientationLandscapeRight";
				INFOPLIST_KEY_UISupportedInterfaceOrientations_iPhone = "UIInterfaceOrientationPortrait UIInterfaceOrientationLandscapeLeft UIInterfaceOrientationLandscapeRight";
				LD_RUNPATH_SEARCH_PATHS = (
					"$(inherited)",
					"@executable_path/Frameworks",
				);
				MARKETING_VERSION = 1.0;
				PRODUCT_BUNDLE_IDENTIFIER = AM.HomeWork19;
				PRODUCT_NAME = "$(TARGET_NAME)";
				SWIFT_EMIT_LOC_STRINGS = YES;
				SWIFT_VERSION = 5.0;
				TARGETED_DEVICE_FAMILY = "1,2";
			};
			name = Release;
		};
/* End XCBuildConfiguration section */

/* Begin XCConfigurationList section */
		A8C522B52BD8E26600BF77D2 /* Build configuration list for PBXProject "HomeWork19" */ = {
			isa = XCConfigurationList;
			buildConfigurations = (
				A8C522CC2BD8E26800BF77D2 /* Debug */,
				A8C522CD2BD8E26800BF77D2 /* Release */,
			);
			defaultConfigurationIsVisible = 0;
			defaultConfigurationName = Release;
		};
		A8C522CE2BD8E26800BF77D2 /* Build configuration list for PBXNativeTarget "HomeWork19" */ = {
			isa = XCConfigurationList;
			buildConfigurations = (
				A8C522CF2BD8E26800BF77D2 /* Debug */,
				A8C522D02BD8E26800BF77D2 /* Release */,
			);
			defaultConfigurationIsVisible = 0;
			defaultConfigurationName = Release;
		};
/* End XCConfigurationList section */
	};
	rootObject = A8C522B22BD8E26600BF77D2 /* Project object */;
}
